
Microsoft Visual Studio Solution File, Format Version 12.00
# Visual Studio Version 17
VisualStudioVersion = 17.11.35312.102
MinimumVisualStudioVersion = 10.0.40219.1
Project("{FAE04EC0-301F-11D3-BF4B-00C04F79EFBC}") = "Shapeifelse", "Shapeifelse\Shapeifelse.csproj", "{938BDE8B-F9D6-4564-9436-382BA53ADAA9}"
EndProject
Global
	GlobalSection(SolutionConfigurationPlatforms) = preSolution
		Debug|Any CPU = Debug|Any CPU
		Release|Any CPU = Release|Any CPU
	EndGlobalSection
	GlobalSection(ProjectConfigurationPlatforms) = postSolution
		{938BDE8B-F9D6-4564-9436-382BA53ADAA9}.Debug|Any CPU.ActiveCfg = Debug|Any CPU
		{938BDE8B-F9D6-4564-9436-382BA53ADAA9}.Debug|Any CPU.Build.0 = Debug|Any CPU
		{938BDE8B-F9D6-4564-9436-382BA53ADAA9}.Release|Any CPU.ActiveCfg = Release|Any CPU
		{938BDE8B-F9D6-4564-9436-382BA53ADAA9}.Release|Any CPU.Build.0 = Release|Any CPU
	EndGlobalSection
	GlobalSection(SolutionProperties) = preSolution
		HideSolutionNode = FALSE
	EndGlobalSection
	GlobalSection(ExtensibilityGlobals) = postSolution
		SolutionGuid = {6109EF7A-3137-4A19-B8DE-15B17430AA28}
	EndGlobalSection
EndGlobal
